
Microsoft Visual Studio Solution File, Format Version 12.00
# Visual Studio Version 16
VisualStudioVersion = 16.0.30717.126
MinimumVisualStudioVersion = 10.0.40219.1
Project("{FAE04EC0-301F-11D3-BF4B-00C04F79EFBC}") = "SimpleLib", "SimpleLib\SimpleLib.csproj", "{80A3D971-FF70-42A1-83D1-E5FDB61EAAE8}"
EndProject
Global
	GlobalSection(SolutionConfigurationPlatforms) = preSolution
		Debug|Any CPU = Debug|Any CPU
		Release|Any CPU = Release|Any CPU
	EndGlobalSection
	GlobalSection(ProjectConfigurationPlatforms) = postSolution
		{80A3D971-FF70-42A1-83D1-E5FDB61EAAE8}.Debug|Any CPU.ActiveCfg = Debug|Any CPU
		{80A3D971-FF70-42A1-83D1-E5FDB61EAAE8}.Debug|Any CPU.Build.0 = Debug|Any CPU
		{80A3D971-FF70-42A1-83D1-E5FDB61EAAE8}.Release|Any CPU.ActiveCfg = Release|Any CPU
		{80A3D971-FF70-42A1-83D1-E5FDB61EAAE8}.Release|Any CPU.Build.0 = Release|Any CPU
	EndGlobalSection
	GlobalSection(SolutionProperties) = preSolution
		HideSolutionNode = FALSE
	EndGlobalSection
	GlobalSection(ExtensibilityGlobals) = postSolution
		SolutionGuid = {D6FA8262-504B-478A-A3EB-A2B11D20425F}
	EndGlobalSection
EndGlobal
